
Microsoft Visual Studio Solution File, Format Version 11.00
# Visual Studio 2010
Project("{FAE04EC0-301F-11D3-BF4B-00C04F79EFBC}") = "Assembly-CSharp", "Assembly-CSharp.csproj", "{13410C30-95AE-EE3B-B480-B8240BFF3D50}"
EndProject
Project("{FAE04EC0-301F-11D3-BF4B-00C04F79EFBC}") = "Assembly-CSharp-Editor", "Assembly-CSharp-Editor.csproj", "{7859D446-C8DC-3229-5A70-4ECC716CFB64}"
EndProject
Global
	GlobalSection(SolutionConfigurationPlatforms) = preSolution
		Debug|Any CPU = Debug|Any CPU
		Release|Any CPU = Release|Any CPU
	EndGlobalSection
	GlobalSection(ProjectConfigurationPlatforms) = postSolution
		{13410C30-95AE-EE3B-B480-B8240BFF3D50}.Debug|Any CPU.ActiveCfg = Debug|Any CPU
		{13410C30-95AE-EE3B-B480-B8240BFF3D50}.Debug|Any CPU.Build.0 = Debug|Any CPU
		{13410C30-95AE-EE3B-B480-B8240BFF3D50}.Release|Any CPU.ActiveCfg = Release|Any CPU
		{13410C30-95AE-EE3B-B480-B8240BFF3D50}.Release|Any CPU.Build.0 = Release|Any CPU
		{7859D446-C8DC-3229-5A70-4ECC716CFB64}.Debug|Any CPU.ActiveCfg = Debug|Any CPU
		{7859D446-C8DC-3229-5A70-4ECC716CFB64}.Debug|Any CPU.Build.0 = Debug|Any CPU
		{7859D446-C8DC-3229-5A70-4ECC716CFB64}.Release|Any CPU.ActiveCfg = Release|Any CPU
		{7859D446-C8DC-3229-5A70-4ECC716CFB64}.Release|Any CPU.Build.0 = Release|Any CPU
	EndGlobalSection
	GlobalSection(SolutionProperties) = preSolution
		HideSolutionNode = FALSE
	EndGlobalSection
EndGlobal
